
Microsoft Visual Studio Solution File, Format Version 12.00
# Visual Studio 15
VisualStudioVersion = 15.0.27004.2005
MinimumVisualStudioVersion = 10.0.40219.1
Project("{FAE04EC0-301F-11D3-BF4B-00C04F79EFBC}") = "Restaurant_receipt", "Restaurant_receipt\Restaurant_receipt.csproj", "{05692A93-AC17-42C1-95B6-483F830F5F5F}"
EndProject
Global
	GlobalSection(SolutionConfigurationPlatforms) = preSolution
		Debug|Any CPU = Debug|Any CPU
		Release|Any CPU = Release|Any CPU
	EndGlobalSection
	GlobalSection(ProjectConfigurationPlatforms) = postSolution
		{05692A93-AC17-42C1-95B6-483F830F5F5F}.Debug|Any CPU.ActiveCfg = Debug|Any CPU
		{05692A93-AC17-42C1-95B6-483F830F5F5F}.Debug|Any CPU.Build.0 = Debug|Any CPU
		{05692A93-AC17-42C1-95B6-483F830F5F5F}.Release|Any CPU.ActiveCfg = Release|Any CPU
		{05692A93-AC17-42C1-95B6-483F830F5F5F}.Release|Any CPU.Build.0 = Release|Any CPU
	EndGlobalSection
	GlobalSection(SolutionProperties) = preSolution
		HideSolutionNode = FALSE
	EndGlobalSection
	GlobalSection(ExtensibilityGlobals) = postSolution
		SolutionGuid = {214EF80D-09D8-4DD5-9238-1A8FE7E290C5}
	EndGlobalSection
EndGlobal
