
Microsoft Visual Studio Solution File, Format Version 12.00
# Visual Studio 15
VisualStudioVersion = 15.0.27004.2005
MinimumVisualStudioVersion = 10.0.40219.1
Project("{FAE04EC0-301F-11D3-BF4B-00C04F79EFBC}") = "Blackjack.Client.console", "Blackjack.Client.Console\Blackjack.Client.console.csproj", "{ACB350A8-C7C3-4E02-899E-206D1A14496F}"
EndProject
Project("{FAE04EC0-301F-11D3-BF4B-00C04F79EFBC}") = "Blackjack.Core", "Blackjack.Core\Blackjack.Core.csproj", "{16445599-A98A-49FF-8048-F150BCCADBD6}"
EndProject
Global
	GlobalSection(SolutionConfigurationPlatforms) = preSolution
		Debug|Any CPU = Debug|Any CPU
		Release|Any CPU = Release|Any CPU
	EndGlobalSection
	GlobalSection(ProjectConfigurationPlatforms) = postSolution
		{ACB350A8-C7C3-4E02-899E-206D1A14496F}.Debug|Any CPU.ActiveCfg = Debug|Any CPU
		{ACB350A8-C7C3-4E02-899E-206D1A14496F}.Debug|Any CPU.Build.0 = Debug|Any CPU
		{ACB350A8-C7C3-4E02-899E-206D1A14496F}.Release|Any CPU.ActiveCfg = Release|Any CPU
		{ACB350A8-C7C3-4E02-899E-206D1A14496F}.Release|Any CPU.Build.0 = Release|Any CPU
		{16445599-A98A-49FF-8048-F150BCCADBD6}.Debug|Any CPU.ActiveCfg = Debug|Any CPU
		{16445599-A98A-49FF-8048-F150BCCADBD6}.Debug|Any CPU.Build.0 = Debug|Any CPU
		{16445599-A98A-49FF-8048-F150BCCADBD6}.Release|Any CPU.ActiveCfg = Release|Any CPU
		{16445599-A98A-49FF-8048-F150BCCADBD6}.Release|Any CPU.Build.0 = Release|Any CPU
	EndGlobalSection
	GlobalSection(SolutionProperties) = preSolution
		HideSolutionNode = FALSE
	EndGlobalSection
	GlobalSection(ExtensibilityGlobals) = postSolution
		SolutionGuid = {38D739D1-5C07-4AD9-91EC-4856E8A40DE2}
	EndGlobalSection
EndGlobal
