
Microsoft Visual Studio Solution File, Format Version 12.00
# Visual Studio 15
VisualStudioVersion = 15.0.27004.2005
MinimumVisualStudioVersion = 10.0.40219.1
Project("{FAE04EC0-301F-11D3-BF4B-00C04F79EFBC}") = "01-Hello-World", "ConsoleApp1\01-Hello-World.csproj", "{F212E585-160A-4EF1-89C7-623D10C7CABB}"
EndProject
Project("{FAE04EC0-301F-11D3-BF4B-00C04F79EFBC}") = "02-Print text to console", "ConsoleApp2\02-Print text to console.csproj", "{44F63A95-8AE2-49E8-8EE1-69230B226ACF}"
EndProject
Project("{FAE04EC0-301F-11D3-BF4B-00C04F79EFBC}") = "03-parrot repeat back", "Exercise3\03-parrot repeat back.csproj", "{5A051C79-A725-4364-9555-9E7D29F620B2}"
EndProject
Project("{FAE04EC0-301F-11D3-BF4B-00C04F79EFBC}") = "04 -Calculator", "04 -Calculator\04 -Calculator.csproj", "{1A177581-2371-4E30-8268-E4B0E92F0AD4}"
EndProject
Project("{FAE04EC0-301F-11D3-BF4B-00C04F79EFBC}") = "ex5", "ex5\ex5.csproj", "{26C99593-6EB3-457B-B6E1-1BEE1BF29679}"
EndProject
Global
	GlobalSection(SolutionConfigurationPlatforms) = preSolution
		Debug|Any CPU = Debug|Any CPU
		Release|Any CPU = Release|Any CPU
	EndGlobalSection
	GlobalSection(ProjectConfigurationPlatforms) = postSolution
		{F212E585-160A-4EF1-89C7-623D10C7CABB}.Debug|Any CPU.ActiveCfg = Debug|Any CPU
		{F212E585-160A-4EF1-89C7-623D10C7CABB}.Debug|Any CPU.Build.0 = Debug|Any CPU
		{F212E585-160A-4EF1-89C7-623D10C7CABB}.Release|Any CPU.ActiveCfg = Release|Any CPU
		{F212E585-160A-4EF1-89C7-623D10C7CABB}.Release|Any CPU.Build.0 = Release|Any CPU
		{44F63A95-8AE2-49E8-8EE1-69230B226ACF}.Debug|Any CPU.ActiveCfg = Debug|Any CPU
		{44F63A95-8AE2-49E8-8EE1-69230B226ACF}.Debug|Any CPU.Build.0 = Debug|Any CPU
		{44F63A95-8AE2-49E8-8EE1-69230B226ACF}.Release|Any CPU.ActiveCfg = Release|Any CPU
		{44F63A95-8AE2-49E8-8EE1-69230B226ACF}.Release|Any CPU.Build.0 = Release|Any CPU
		{5A051C79-A725-4364-9555-9E7D29F620B2}.Debug|Any CPU.ActiveCfg = Debug|Any CPU
		{5A051C79-A725-4364-9555-9E7D29F620B2}.Debug|Any CPU.Build.0 = Debug|Any CPU
		{5A051C79-A725-4364-9555-9E7D29F620B2}.Release|Any CPU.ActiveCfg = Release|Any CPU
		{5A051C79-A725-4364-9555-9E7D29F620B2}.Release|Any CPU.Build.0 = Release|Any CPU
		{1A177581-2371-4E30-8268-E4B0E92F0AD4}.Debug|Any CPU.ActiveCfg = Debug|Any CPU
		{1A177581-2371-4E30-8268-E4B0E92F0AD4}.Debug|Any CPU.Build.0 = Debug|Any CPU
		{1A177581-2371-4E30-8268-E4B0E92F0AD4}.Release|Any CPU.ActiveCfg = Release|Any CPU
		{1A177581-2371-4E30-8268-E4B0E92F0AD4}.Release|Any CPU.Build.0 = Release|Any CPU
		{26C99593-6EB3-457B-B6E1-1BEE1BF29679}.Debug|Any CPU.ActiveCfg = Debug|Any CPU
		{26C99593-6EB3-457B-B6E1-1BEE1BF29679}.Debug|Any CPU.Build.0 = Debug|Any CPU
		{26C99593-6EB3-457B-B6E1-1BEE1BF29679}.Release|Any CPU.ActiveCfg = Release|Any CPU
		{26C99593-6EB3-457B-B6E1-1BEE1BF29679}.Release|Any CPU.Build.0 = Release|Any CPU
	EndGlobalSection
	GlobalSection(SolutionProperties) = preSolution
		HideSolutionNode = FALSE
	EndGlobalSection
	GlobalSection(ExtensibilityGlobals) = postSolution
		SolutionGuid = {F11988A7-78F7-48A9-B7C8-6852CF60C275}
	EndGlobalSection
EndGlobal
