
Microsoft Visual Studio Solution File, Format Version 12.00
# Visual Studio 15
VisualStudioVersion = 15.0.27004.2005
MinimumVisualStudioVersion = 10.0.40219.1
Project("{FAE04EC0-301F-11D3-BF4B-00C04F79EFBC}") = "01-Hello-World", "ConsoleApp1\01-Hello-World.csproj", "{F212E585-160A-4EF1-89C7-623D10C7CABB}"
EndProject
Global
	GlobalSection(SolutionConfigurationPlatforms) = preSolution
		Debug|Any CPU = Debug|Any CPU
		Release|Any CPU = Release|Any CPU
	EndGlobalSection
	GlobalSection(ProjectConfigurationPlatforms) = postSolution
		{F212E585-160A-4EF1-89C7-623D10C7CABB}.Debug|Any CPU.ActiveCfg = Debug|Any CPU
		{F212E585-160A-4EF1-89C7-623D10C7CABB}.Debug|Any CPU.Build.0 = Debug|Any CPU
		{F212E585-160A-4EF1-89C7-623D10C7CABB}.Release|Any CPU.ActiveCfg = Release|Any CPU
		{F212E585-160A-4EF1-89C7-623D10C7CABB}.Release|Any CPU.Build.0 = Release|Any CPU
	EndGlobalSection
	GlobalSection(SolutionProperties) = preSolution
		HideSolutionNode = FALSE
	EndGlobalSection
	GlobalSection(ExtensibilityGlobals) = postSolution
		SolutionGuid = {F11988A7-78F7-48A9-B7C8-6852CF60C275}
	EndGlobalSection
EndGlobal
